Microsoft Visual Studio Solution File, Format Version 12.00
# Visual Studio Version 17
VisualStudioVersion = 17.5.2.0
MinimumVisualStudioVersion = 10.0.40219.1
Project("{FAE04EC0-301F-11D3-BF4B-00C04F79EFBC}") = "CSharpFileManager", "CSharpFileManager\CSharpFileManager.csproj", "{45A6B490-93E9-5EBC-1C07-7DC787D58F90}"
EndProject
Global
	GlobalSection(SolutionConfigurationPlatforms) = preSolution
		Debug|Any CPU = Debug|Any CPU
		Release|Any CPU = Release|Any CPU
	EndGlobalSection
	GlobalSection(ProjectConfigurationPlatforms) = postSolution
		{45A6B490-93E9-5EBC-1C07-7DC787D58F90}.Debug|Any CPU.ActiveCfg = Debug|Any CPU
		{45A6B490-93E9-5EBC-1C07-7DC787D58F90}.Debug|Any CPU.Build.0 = Debug|Any CPU
		{45A6B490-93E9-5EBC-1C07-7DC787D58F90}.Release|Any CPU.ActiveCfg = Release|Any CPU
		{45A6B490-93E9-5EBC-1C07-7DC787D58F90}.Release|Any CPU.Build.0 = Release|Any CPU
	EndGlobalSection
	GlobalSection(SolutionProperties) = preSolution
		HideSolutionNode = FALSE
	EndGlobalSection
	GlobalSection(ExtensibilityGlobals) = postSolution
		SolutionGuid = {AD9ABA3A-91D1-4B9D-8E96-C7B9441A9421}
	EndGlobalSection
EndGlobal
