Microsoft Visual Studio Solution File, Format Version 12.00
# Visual Studio Version 17
VisualStudioVersion = 17.5.2.0
MinimumVisualStudioVersion = 10.0.40219.1
Project("{FAE04EC0-301F-11D3-BF4B-00C04F79EFBC}") = "QuickFileManager", "QuickFileManager.csproj", "{02BB5EB6-CECB-9624-EF94-51BBF9D76611}"
EndProject
Global
	GlobalSection(SolutionConfigurationPlatforms) = preSolution
		Debug|Any CPU = Debug|Any CPU
		Release|Any CPU = Release|Any CPU
	EndGlobalSection
	GlobalSection(ProjectConfigurationPlatforms) = postSolution
		{02BB5EB6-CECB-9624-EF94-51BBF9D76611}.Debug|Any CPU.ActiveCfg = Debug|Any CPU
		{02BB5EB6-CECB-9624-EF94-51BBF9D76611}.Debug|Any CPU.Build.0 = Debug|Any CPU
		{02BB5EB6-CECB-9624-EF94-51BBF9D76611}.Release|Any CPU.ActiveCfg = Release|Any CPU
		{02BB5EB6-CECB-9624-EF94-51BBF9D76611}.Release|Any CPU.Build.0 = Release|Any CPU
	EndGlobalSection
	GlobalSection(SolutionProperties) = preSolution
		HideSolutionNode = FALSE
	EndGlobalSection
	GlobalSection(ExtensibilityGlobals) = postSolution
		SolutionGuid = {8377E57D-55F0-4360-97E9-02349D8A5F76}
	EndGlobalSection
EndGlobal
